Microsoft Visual Studio Solution File, Format Version 12.00
# Visual Studio Version 17
VisualStudioVersion = 17.5.2.0
MinimumVisualStudioVersion = 10.0.40219.1
Project("{FAE04EC0-301F-11D3-BF4B-00C04F79EFBC}") = "checkout-api", "checkout-api.csproj", "{67FFAA83-0991-78D4-D336-9DF5A0C9038C}"
EndProject
Global
	GlobalSection(SolutionConfigurationPlatforms) = preSolution
		Debug|Any CPU = Debug|Any CPU
		Release|Any CPU = Release|Any CPU
	EndGlobalSection
	GlobalSection(ProjectConfigurationPlatforms) = postSolution
		{67FFAA83-0991-78D4-D336-9DF5A0C9038C}.Debug|Any CPU.ActiveCfg = Debug|Any CPU
		{67FFAA83-0991-78D4-D336-9DF5A0C9038C}.Debug|Any CPU.Build.0 = Debug|Any CPU
		{67FFAA83-0991-78D4-D336-9DF5A0C9038C}.Release|Any CPU.ActiveCfg = Release|Any CPU
		{67FFAA83-0991-78D4-D336-9DF5A0C9038C}.Release|Any CPU.Build.0 = Release|Any CPU
	EndGlobalSection
	GlobalSection(SolutionProperties) = preSolution
		HideSolutionNode = FALSE
	EndGlobalSection
	GlobalSection(ExtensibilityGlobals) = postSolution
		SolutionGuid = {B1560BD8-763F-4A3F-85F1-C9C573FD5047}
	EndGlobalSection
EndGlobal
